
Microsoft Visual Studio Solution File, Format Version 12.00
# Visual Studio 15
VisualStudioVersion = 15.0.26124.0
MinimumVisualStudioVersion = 15.0.26124.0
Project("{FAE04EC0-301F-11D3-BF4B-00C04F79EFBC}") = "MemoryGame.Core", "MemoryGame.Core\MemoryGame.Core.csproj", "{1F613D95-2414-4ABE-A36B-09DC3CBFF926}"
EndProject
Project("{FAE04EC0-301F-11D3-BF4B-00C04F79EFBC}") = "MemoryGame.BusinessLogic", "MemoryGame.BusinessLogic\MemoryGame.BusinessLogic.csproj", "{6C288AF7-EB80-4209-B539-D69351FEB034}"
EndProject
Project("{FAE04EC0-301F-11D3-BF4B-00C04F79EFBC}") = "MemoryGame.Api", "MemoryGame.Api\MemoryGame.Api.csproj", "{6BA298A5-1C58-4057-A5E9-3C39FEEA9AC8}"
EndProject
Project("{FAE04EC0-301F-11D3-BF4B-00C04F79EFBC}") = "MemoryGame.Migrations", "MemoryGame.Migrations\MemoryGame.Migrations.csproj", "{E84A7CA2-C61F-43EB-957C-845AA354B4C2}"
EndProject
Global
	GlobalSection(SolutionConfigurationPlatforms) = preSolution
		Debug|Any CPU = Debug|Any CPU
		Debug|x64 = Debug|x64
		Debug|x86 = Debug|x86
		Release|Any CPU = Release|Any CPU
		Release|x64 = Release|x64
		Release|x86 = Release|x86
	EndGlobalSection
	GlobalSection(SolutionProperties) = preSolution
		HideSolutionNode = FALSE
	EndGlobalSection
	GlobalSection(ProjectConfigurationPlatforms) = postSolution
		{1F613D95-2414-4ABE-A36B-09DC3CBFF926}.Debug|Any CPU.ActiveCfg = Debug|Any CPU
		{1F613D95-2414-4ABE-A36B-09DC3CBFF926}.Debug|Any CPU.Build.0 = Debug|Any CPU
		{1F613D95-2414-4ABE-A36B-09DC3CBFF926}.Debug|x64.ActiveCfg = Debug|Any CPU
		{1F613D95-2414-4ABE-A36B-09DC3CBFF926}.Debug|x64.Build.0 = Debug|Any CPU
		{1F613D95-2414-4ABE-A36B-09DC3CBFF926}.Debug|x86.ActiveCfg = Debug|Any CPU
		{1F613D95-2414-4ABE-A36B-09DC3CBFF926}.Debug|x86.Build.0 = Debug|Any CPU
		{1F613D95-2414-4ABE-A36B-09DC3CBFF926}.Release|Any CPU.ActiveCfg = Release|Any CPU
		{1F613D95-2414-4ABE-A36B-09DC3CBFF926}.Release|Any CPU.Build.0 = Release|Any CPU
		{1F613D95-2414-4ABE-A36B-09DC3CBFF926}.Release|x64.ActiveCfg = Release|Any CPU
		{1F613D95-2414-4ABE-A36B-09DC3CBFF926}.Release|x64.Build.0 = Release|Any CPU
		{1F613D95-2414-4ABE-A36B-09DC3CBFF926}.Release|x86.ActiveCfg = Release|Any CPU
		{1F613D95-2414-4ABE-A36B-09DC3CBFF926}.Release|x86.Build.0 = Release|Any CPU
		{6C288AF7-EB80-4209-B539-D69351FEB034}.Debug|Any CPU.ActiveCfg = Debug|Any CPU
		{6C288AF7-EB80-4209-B539-D69351FEB034}.Debug|Any CPU.Build.0 = Debug|Any CPU
		{6C288AF7-EB80-4209-B539-D69351FEB034}.Debug|x64.ActiveCfg = Debug|Any CPU
		{6C288AF7-EB80-4209-B539-D69351FEB034}.Debug|x64.Build.0 = Debug|Any CPU
		{6C288AF7-EB80-4209-B539-D69351FEB034}.Debug|x86.ActiveCfg = Debug|Any CPU
		{6C288AF7-EB80-4209-B539-D69351FEB034}.Debug|x86.Build.0 = Debug|Any CPU
		{6C288AF7-EB80-4209-B539-D69351FEB034}.Release|Any CPU.ActiveCfg = Release|Any CPU
		{6C288AF7-EB80-4209-B539-D69351FEB034}.Release|Any CPU.Build.0 = Release|Any CPU
		{6C288AF7-EB80-4209-B539-D69351FEB034}.Release|x64.ActiveCfg = Release|Any CPU
		{6C288AF7-EB80-4209-B539-D69351FEB034}.Release|x64.Build.0 = Release|Any CPU
		{6C288AF7-EB80-4209-B539-D69351FEB034}.Release|x86.ActiveCfg = Release|Any CPU
		{6C288AF7-EB80-4209-B539-D69351FEB034}.Release|x86.Build.0 = Release|Any CPU
		{6BA298A5-1C58-4057-A5E9-3C39FEEA9AC8}.Debug|Any CPU.ActiveCfg = Debug|Any CPU
		{6BA298A5-1C58-4057-A5E9-3C39FEEA9AC8}.Debug|Any CPU.Build.0 = Debug|Any CPU
		{6BA298A5-1C58-4057-A5E9-3C39FEEA9AC8}.Debug|x64.ActiveCfg = Debug|Any CPU
		{6BA298A5-1C58-4057-A5E9-3C39FEEA9AC8}.Debug|x64.Build.0 = Debug|Any CPU
		{6BA298A5-1C58-4057-A5E9-3C39FEEA9AC8}.Debug|x86.ActiveCfg = Debug|Any CPU
		{6BA298A5-1C58-4057-A5E9-3C39FEEA9AC8}.Debug|x86.Build.0 = Debug|Any CPU
		{6BA298A5-1C58-4057-A5E9-3C39FEEA9AC8}.Release|Any CPU.ActiveCfg = Release|Any CPU
		{6BA298A5-1C58-4057-A5E9-3C39FEEA9AC8}.Release|Any CPU.Build.0 = Release|Any CPU
		{6BA298A5-1C58-4057-A5E9-3C39FEEA9AC8}.Release|x64.ActiveCfg = Release|Any CPU
		{6BA298A5-1C58-4057-A5E9-3C39FEEA9AC8}.Release|x64.Build.0 = Release|Any CPU
		{6BA298A5-1C58-4057-A5E9-3C39FEEA9AC8}.Release|x86.ActiveCfg = Release|Any CPU
		{6BA298A5-1C58-4057-A5E9-3C39FEEA9AC8}.Release|x86.Build.0 = Release|Any CPU
		{E84A7CA2-C61F-43EB-957C-845AA354B4C2}.Debug|Any CPU.ActiveCfg = Debug|Any CPU
		{E84A7CA2-C61F-43EB-957C-845AA354B4C2}.Debug|Any CPU.Build.0 = Debug|Any CPU
		{E84A7CA2-C61F-43EB-957C-845AA354B4C2}.Debug|x64.ActiveCfg = Debug|Any CPU
		{E84A7CA2-C61F-43EB-957C-845AA354B4C2}.Debug|x64.Build.0 = Debug|Any CPU
		{E84A7CA2-C61F-43EB-957C-845AA354B4C2}.Debug|x86.ActiveCfg = Debug|Any CPU
		{E84A7CA2-C61F-43EB-957C-845AA354B4C2}.Debug|x86.Build.0 = Debug|Any CPU
		{E84A7CA2-C61F-43EB-957C-845AA354B4C2}.Release|Any CPU.ActiveCfg = Release|Any CPU
		{E84A7CA2-C61F-43EB-957C-845AA354B4C2}.Release|Any CPU.Build.0 = Release|Any CPU
		{E84A7CA2-C61F-43EB-957C-845AA354B4C2}.Release|x64.ActiveCfg = Release|Any CPU
		{E84A7CA2-C61F-43EB-957C-845AA354B4C2}.Release|x64.Build.0 = Release|Any CPU
		{E84A7CA2-C61F-43EB-957C-845AA354B4C2}.Release|x86.ActiveCfg = Release|Any CPU
		{E84A7CA2-C61F-43EB-957C-845AA354B4C2}.Release|x86.Build.0 = Release|Any CPU
	EndGlobalSection
EndGlobal
